
Microsoft Visual Studio Solution File, Format Version 12.00
# Visual Studio 15
VisualStudioVersion = 15.0.26403.7
MinimumVisualStudioVersion = 10.0.40219.1
Project("{FAE04EC0-301F-11D3-BF4B-00C04F79EFBC}") = "test", "test\test.csproj", "{816D0AB5-EB4E-4599-BA93-7C12422F1668}"
EndProject
Project("{FAE04EC0-301F-11D3-BF4B-00C04F79EFBC}") = "test.Tests", "test.Tests\test.Tests.csproj", "{EF20872B-ECBF-4EDD-984B-BE97C424DFE5}"
EndProject
Global
	GlobalSection(SolutionConfigurationPlatforms) = preSolution
		Debug|Any CPU = Debug|Any CPU
		Release|Any CPU = Release|Any CPU
	EndGlobalSection
	GlobalSection(ProjectConfigurationPlatforms) = postSolution
		{816D0AB5-EB4E-4599-BA93-7C12422F1668}.Debug|Any CPU.ActiveCfg = Debug|Any CPU
		{816D0AB5-EB4E-4599-BA93-7C12422F1668}.Debug|Any CPU.Build.0 = Debug|Any CPU
		{816D0AB5-EB4E-4599-BA93-7C12422F1668}.Release|Any CPU.ActiveCfg = Release|Any CPU
		{816D0AB5-EB4E-4599-BA93-7C12422F1668}.Release|Any CPU.Build.0 = Release|Any CPU
		{EF20872B-ECBF-4EDD-984B-BE97C424DFE5}.Debug|Any CPU.ActiveCfg = Debug|Any CPU
		{EF20872B-ECBF-4EDD-984B-BE97C424DFE5}.Debug|Any CPU.Build.0 = Debug|Any CPU
		{EF20872B-ECBF-4EDD-984B-BE97C424DFE5}.Release|Any CPU.ActiveCfg = Release|Any CPU
		{EF20872B-ECBF-4EDD-984B-BE97C424DFE5}.Release|Any CPU.Build.0 = Release|Any CPU
	EndGlobalSection
	GlobalSection(SolutionProperties) = preSolution
		HideSolutionNode = FALSE
	EndGlobalSection
EndGlobal
